
Microsoft Visual Studio Solution File, Format Version 12.00
# Visual Studio Version 17
VisualStudioVersion = 17.5.33516.290
MinimumVisualStudioVersion = 10.0.40219.1
Project("{FAE04EC0-301F-11D3-BF4B-00C04F79EFBC}") = "AuthApiAngular23", "AuthApiAngular23\AuthApiAngular23.csproj", "{67132BD1-F4AC-487F-8B79-90F087E69CD9}"
EndProject
Project("{FAE04EC0-301F-11D3-BF4B-00C04F79EFBC}") = "BLL", "BLL\BLL.csproj", "{2CAFB9B2-EF60-483B-9CD2-877A12CAC95A}"
EndProject
Project("{FAE04EC0-301F-11D3-BF4B-00C04F79EFBC}") = "DAL", "DAL\DAL.csproj", "{478D569A-67AB-4FF9-926D-9CFB670B6D1A}"
EndProject
Global
	GlobalSection(SolutionConfigurationPlatforms) = preSolution
		Debug|Any CPU = Debug|Any CPU
		Release|Any CPU = Release|Any CPU
	EndGlobalSection
	GlobalSection(ProjectConfigurationPlatforms) = postSolution
		{67132BD1-F4AC-487F-8B79-90F087E69CD9}.Debug|Any CPU.ActiveCfg = Debug|Any CPU
		{67132BD1-F4AC-487F-8B79-90F087E69CD9}.Debug|Any CPU.Build.0 = Debug|Any CPU
		{67132BD1-F4AC-487F-8B79-90F087E69CD9}.Release|Any CPU.ActiveCfg = Release|Any CPU
		{67132BD1-F4AC-487F-8B79-90F087E69CD9}.Release|Any CPU.Build.0 = Release|Any CPU
		{2CAFB9B2-EF60-483B-9CD2-877A12CAC95A}.Debug|Any CPU.ActiveCfg = Debug|Any CPU
		{2CAFB9B2-EF60-483B-9CD2-877A12CAC95A}.Debug|Any CPU.Build.0 = Debug|Any CPU
		{2CAFB9B2-EF60-483B-9CD2-877A12CAC95A}.Release|Any CPU.ActiveCfg = Release|Any CPU
		{2CAFB9B2-EF60-483B-9CD2-877A12CAC95A}.Release|Any CPU.Build.0 = Release|Any CPU
		{478D569A-67AB-4FF9-926D-9CFB670B6D1A}.Debug|Any CPU.ActiveCfg = Debug|Any CPU
		{478D569A-67AB-4FF9-926D-9CFB670B6D1A}.Debug|Any CPU.Build.0 = Debug|Any CPU
		{478D569A-67AB-4FF9-926D-9CFB670B6D1A}.Release|Any CPU.ActiveCfg = Release|Any CPU
		{478D569A-67AB-4FF9-926D-9CFB670B6D1A}.Release|Any CPU.Build.0 = Release|Any CPU
	EndGlobalSection
	GlobalSection(SolutionProperties) = preSolution
		HideSolutionNode = FALSE
	EndGlobalSection
	GlobalSection(ExtensibilityGlobals) = postSolution
		SolutionGuid = {14B08861-F415-4FB6-AEAA-943954688E5D}
	EndGlobalSection
EndGlobal
